
Microsoft Visual Studio Solution File, Format Version 12.00
# Visual Studio Version 17
VisualStudioVersion = 17.4.33122.133
MinimumVisualStudioVersion = 10.0.40219.1
Project("{FAE04EC0-301F-11D3-BF4B-00C04F79EFBC}") = "ContainersTraining", "ContainersTraining\ContainersTraining.csproj", "{CD0DD56F-005E-4967-BAAB-5F719C9B2690}"
EndProject
Global
	GlobalSection(SolutionConfigurationPlatforms) = preSolution
		Debug|Any CPU = Debug|Any CPU
		Release|Any CPU = Release|Any CPU
	EndGlobalSection
	GlobalSection(ProjectConfigurationPlatforms) = postSolution
		{CD0DD56F-005E-4967-BAAB-5F719C9B2690}.Debug|Any CPU.ActiveCfg = Debug|Any CPU
		{CD0DD56F-005E-4967-BAAB-5F719C9B2690}.Debug|Any CPU.Build.0 = Debug|Any CPU
		{CD0DD56F-005E-4967-BAAB-5F719C9B2690}.Release|Any CPU.ActiveCfg = Release|Any CPU
		{CD0DD56F-005E-4967-BAAB-5F719C9B2690}.Release|Any CPU.Build.0 = Release|Any CPU
	EndGlobalSection
	GlobalSection(SolutionProperties) = preSolution
		HideSolutionNode = FALSE
	EndGlobalSection
	GlobalSection(ExtensibilityGlobals) = postSolution
		SolutionGuid = {22ABC495-4B90-4324-8D27-6EAD380C3B5B}
	EndGlobalSection
EndGlobal
